
Microsoft Visual Studio Solution File, Format Version 12.00
# Visual Studio Version 17
VisualStudioVersion = 17.1.32328.378
MinimumVisualStudioVersion = 10.0.40219.1
Project("{FAE04EC0-301F-11D3-BF4B-00C04F79EFBC}") = "ConsoleApp1", "ConsoleApp1\ConsoleApp1.csproj", "{F0651777-B472-4CA3-BD4E-D472E19EDF1F}"
EndProject
Global
	GlobalSection(SolutionConfigurationPlatforms) = preSolution
		Debug|Any CPU = Debug|Any CPU
		Release|Any CPU = Release|Any CPU
	EndGlobalSection
	GlobalSection(ProjectConfigurationPlatforms) = postSolution
		{F0651777-B472-4CA3-BD4E-D472E19EDF1F}.Debug|Any CPU.ActiveCfg = Debug|Any CPU
		{F0651777-B472-4CA3-BD4E-D472E19EDF1F}.Debug|Any CPU.Build.0 = Debug|Any CPU
		{F0651777-B472-4CA3-BD4E-D472E19EDF1F}.Release|Any CPU.ActiveCfg = Release|Any CPU
		{F0651777-B472-4CA3-BD4E-D472E19EDF1F}.Release|Any CPU.Build.0 = Release|Any CPU
	EndGlobalSection
	GlobalSection(SolutionProperties) = preSolution
		HideSolutionNode = FALSE
	EndGlobalSection
	GlobalSection(ExtensibilityGlobals) = postSolution
		SolutionGuid = {DA4F3110-A527-40E4-85ED-AEA6655BC612}
	EndGlobalSection
EndGlobal
